// !$*UTF8*$!
{
	archiveVersion = 1;
	classes = {
	};
	objectVersion = 46;
	objects = {

/* Begin PBXBuildFile section */
		0224CEC4A07E4C68A98A2384 /* libPods.a in Frameworks */ = {isa = PBXBuildFile; fileRef = 8F3A09629DAB42D6B1D7AC6C /* libPods.a */; };
		E165ECF9F0464A83BF1D33B2 /* libPods-Console.fmTests.a in Frameworks */ = {isa = PBXBuildFile; fileRef = 60EB851E29FF4988BD678EA3 /* libPods-Console.fmTests.a */; };
		EA54FC9C17ECC09B0023FEE0 /* Foundation.framework in Frameworks */ = {isa = PBXBuildFile; fileRef = EA54FC9B17ECC09B0023FEE0 /* Foundation.framework */; };
		EA54FC9E17ECC09B0023FEE0 /* CoreGraphics.framework in Frameworks */ = {isa = PBXBuildFile; fileRef = EA54FC9D17ECC09B0023FEE0 /* CoreGraphics.framework */; };
		EA54FCA017ECC09B0023FEE0 /* UIKit.framework in Frameworks */ = {isa = PBXBuildFile; fileRef = EA54FC9F17ECC09B0023FEE0 /* UIKit.framework */; };
		EA54FCA617ECC09B0023FEE0 /* InfoPlist.strings in Resources */ = {isa = PBXBuildFile; fileRef = EA54FCA417ECC09B0023FEE0 /* InfoPlist.strings */; };
		EA54FCA817ECC09B0023FEE0 /* main.m in Sources */ = {isa = PBXBuildFile; fileRef = EA54FCA717ECC09B0023FEE0 /* main.m */; };
		EA54FCAC17ECC09B0023FEE0 /* CFMAppDelegate.m in Sources */ = {isa = PBXBuildFile; fileRef = EA54FCAB17ECC09B0023FEE0 /* CFMAppDelegate.m */; };
		EA54FCAF17ECC09B0023FEE0 /* Main.storyboard in Resources */ = {isa = PBXBuildFile; fileRef = EA54FCAD17ECC09B0023FEE0 /* Main.storyboard */; };
		EA54FCB217ECC09B0023FEE0 /* CFMViewController.m in Sources */ = {isa = PBXBuildFile; fileRef = EA54FCB117ECC09B0023FEE0 /* CFMViewController.m */; };
		EA54FCB417ECC09B0023FEE0 /* Images.xcassets in Resources */ = {isa = PBXBuildFile; fileRef = EA54FCB317ECC09B0023FEE0 /* Images.xcassets */; };
		EA54FCBC17ECC09B0023FEE0 /* Foundation.framework in Frameworks */ = {isa = PBXBuildFile; fileRef = EA54FC9B17ECC09B0023FEE0 /* Foundation.framework */; };
		EA54FCBD17ECC09B0023FEE0 /* UIKit.framework in Frameworks */ = {isa = PBXBuildFile; fileRef = EA54FC9F17ECC09B0023FEE0 /* UIKit.framework */; };
		EA54FCC517ECC09B0023FEE0 /* InfoPlist.strings in Resources */ = {isa = PBXBuildFile; fileRef = EA54FCC317ECC09B0023FEE0 /* InfoPlist.strings */; };
		EA54FCDF17ECC89D0023FEE0 /* Icon-76.png in Resources */ = {isa = PBXBuildFile; fileRef = EA54FCD317ECC89D0023FEE0 /* Icon-76.png */; };
		EA54FCE017ECC89D0023FEE0 /* Icon-76@2x.png in Resources */ = {isa = PBXBuildFile; fileRef = EA54FCD417ECC89D0023FEE0 /* Icon-76@2x.png */; };
		EA54FCE117ECC89D0023FEE0 /* Icon-Small-50.png in Resources */ = {isa = PBXBuildFile; fileRef = EA54FCD517ECC89D0023FEE0 /* Icon-Small-50.png */; };
		EA54FCE217ECC89D0023FEE0 /* Icon-Small-50@2x.png in Resources */ = {isa = PBXBuildFile; fileRef = EA54FCD617ECC89D0023FEE0 /* Icon-Small-50@2x.png */; };
		EA54FCE317ECC89D0023FEE0 /* Icon-Small.png in Resources */ = {isa = PBXBuildFile; fileRef = EA54FCD717ECC89D0023FEE0 /* Icon-Small.png */; };
		EA54FCE417ECC89D0023FEE0 /* Icon-Small@2x.png in Resources */ = {isa = PBXBuildFile; fileRef = EA54FCD817ECC89D0023FEE0 /* Icon-Small@2x.png */; };
		EA54FCE517ECC89D0023FEE0 /* Icon.png in Resources */ = {isa = PBXBuildFile; fileRef = EA54FCD917ECC89D0023FEE0 /* Icon.png */; };
		EA54FCE617ECC89D0023FEE0 /* Icon@2x.png in Resources */ = {isa = PBXBuildFile; fileRef = EA54FCDA17ECC89D0023FEE0 /* Icon@2x.png */; };
		EA54FCE717ECC89D0023FEE0 /* iTunesArtwork.png in Resources */ = {isa = PBXBuildFile; fileRef = EA54FCDB17ECC89D0023FEE0 /* iTunesArtwork.png */; };
		EA54FCE817ECC89D0023FEE0 /* iTunesArtwork@2x.png in Resources */ = {isa = PBXBuildFile; fileRef = EA54FCDC17ECC89D0023FEE0 /* iTunesArtwork@2x.png */; };
		EA54FCEC17ECCD6C0023FEE0 /* Icon-80.png in Resources */ = {isa = PBXBuildFile; fileRef = EA54FCEA17ECCD6C0023FEE0 /* Icon-80.png */; };
		EA54FCED17ECCD6C0023FEE0 /* Icon-80@2x.png in Resources */ = {isa = PBXBuildFile; fileRef = EA54FCEB17ECCD6C0023FEE0 /* Icon-80@2x.png */; };
		EA54FCF217ECE5BF0023FEE0 /* CFMGenreSpec.m in Sources */ = {isa = PBXBuildFile; fileRef = EA54FCF117ECE5BF0023FEE0 /* CFMGenreSpec.m */; };
		EA54FCF417ECE6560023FEE0 /* SenTestingKit.framework in Frameworks */ = {isa = PBXBuildFile; fileRef = EA54FCF317ECE6560023FEE0 /* SenTestingKit.framework */; };
		EA54FCF817ECE8140023FEE0 /* CFMGenre.m in Sources */ = {isa = PBXBuildFile; fileRef = EA54FCF717ECE8140023FEE0 /* CFMGenre.m */; };
		EA54FCFD17ECEA9D0023FEE0 /* CFMGenre+JSONFixture.m in Sources */ = {isa = PBXBuildFile; fileRef = EA54FCFC17ECEA9D0023FEE0 /* CFMGenre+JSONFixture.m */; };
		EA54FCFF17ECEE390023FEE0 /* CFMArtistSpec.m in Sources */ = {isa = PBXBuildFile; fileRef = EA54FCFE17ECEE390023FEE0 /* CFMArtistSpec.m */; };
		EA54FD0617ECFE940023FEE0 /* CFMArtist.m in Sources */ = {isa = PBXBuildFile; fileRef = EA54FD0117ECEE700023FEE0 /* CFMArtist.m */; };
		EA54FD0B17ED05A20023FEE0 /* CFMTrack.m in Sources */ = {isa = PBXBuildFile; fileRef = EA54FD0A17ED05A20023FEE0 /* CFMTrack.m */; };
		EA6AA04B17EF98AC00E469D1 /* private.plist in Resources */ = {isa = PBXBuildFile; fileRef = EA6AA04A17EF98AC00E469D1 /* private.plist */; };
		EA6AA04F17EF9DAD00E469D1 /* CFMAPIClient+StubExtentions.m in Sources */ = {isa = PBXBuildFile; fileRef = EA6AA04E17EF9DAD00E469D1 /* CFMAPIClient+StubExtentions.m */; };
		EA6AA05217EFA25700E469D1 /* genres.json in Resources */ = {isa = PBXBuildFile; fileRef = EA6AA05117EFA25700E469D1 /* genres.json */; };
		EA6AA05417EFAE3500E469D1 /* tracks.json in Resources */ = {isa = PBXBuildFile; fileRef = EA6AA05317EFAE3500E469D1 /* tracks.json */; };
		EA6AA05A17F0067900E469D1 /* CFMObjectSpec.m in Sources */ = {isa = PBXBuildFile; fileRef = EA6AA05817F0067300E469D1 /* CFMObjectSpec.m */; };
		EA6AA05D17F006F000E469D1 /* CFMObject.m in Sources */ = {isa = PBXBuildFile; fileRef = EA6AA05C17F006F000E469D1 /* CFMObject.m */; };
		EA6AA06117F0071E00E469D1 /* CFMObject+JSONFixture.m in Sources */ = {isa = PBXBuildFile; fileRef = EA6AA05F17F0071B00E469D1 /* CFMObject+JSONFixture.m */; };
		EA6AA06217F0072B00E469D1 /* CFMTrack+JSONFixture.m in Sources */ = {isa = PBXBuildFile; fileRef = EA54FD0D17ED07B40023FEE0 /* CFMTrack+JSONFixture.m */; };
		EA6AA06317F0072E00E469D1 /* CFMArtist+JSONFixture.m in Sources */ = {isa = PBXBuildFile; fileRef = EA54FD0417ECF6CB0023FEE0 /* CFMArtist+JSONFixture.m */; };
		EA6AA06717F00C0900E469D1 /* CFMAPIClient.m in Sources */ = {isa = PBXBuildFile; fileRef = EA6AA06617F00C0900E469D1 /* CFMAPIClient.m */; };
		EA6AA06E17F0C00800E469D1 /* CFMSessionManager.m in Sources */ = {isa = PBXBuildFile; fileRef = EA6AA06D17F0C00800E469D1 /* CFMSessionManager.m */; };
		EA6AA07017F0DF4000E469D1 /* private.plist in Resources */ = {isa = PBXBuildFile; fileRef = EA6AA06F17F0DF4000E469D1 /* private.plist */; };
		EAA7BAF917F0E2310042B9D6 /* CFMAPIClientSpec.m in Sources */ = {isa = PBXBuildFile; fileRef = EAA7BAF717F0E2260042B9D6 /* CFMAPIClientSpec.m */; };
		EABFA25717ED0CEB0061D862 /* CFMTrackSpec.m in Sources */ = {isa = PBXBuildFile; fileRef = EA54FD0717ED04B90023FEE0 /* CFMTrackSpec.m */; };
/* End PBXBuildFile section */

/* Begin PBXContainerItemProxy section */
		EA54FCBE17ECC09B0023FEE0 /* PBXContainerItemProxy */ = {
			isa = PBXContainerItemProxy;
			containerPortal = EA54FC9017ECC09B0023FEE0 /* Project object */;
			proxyType = 1;
			remoteGlobalIDString = EA54FC9717ECC09B0023FEE0;
			remoteInfo = Console.FM;
		};
/* End PBXContainerItemProxy section */

/* Begin PBXFileReference section */
		4177021587D14F788E5180FA /* Pods-Console.fmTests.xcconfig */ = {isa = PBXFileReference; includeInIndex = 1; lastKnownFileType = text.xcconfig; name = "Pods-Console.fmTests.xcconfig"; path = "Pods/Pods-Console.fmTests.xcconfig"; sourceTree = "<group>"; };
		5546FC8192D94F8C8B11B0C8 /* Pods.xcconfig */ = {isa = PBXFileReference; includeInIndex = 1; lastKnownFileType = text.xcconfig; name = Pods.xcconfig; path = Pods/Pods.xcconfig; sourceTree = "<group>"; };
		60EB851E29FF4988BD678EA3 /* libPods-Console.fmTests.a */ = {isa = PBXFileReference; explicitFileType = archive.ar; includeInIndex = 0; path = "libPods-Console.fmTests.a"; sourceTree = BUILT_PRODUCTS_DIR; };
		8F3A09629DAB42D6B1D7AC6C /* libPods.a */ = {isa = PBXFileReference; explicitFileType = archive.ar; includeInIndex = 0; path = libPods.a; sourceTree = BUILT_PRODUCTS_DIR; };
		EA54FC9817ECC09B0023FEE0 /* Console.fm.app */ = {isa = PBXFileReference; explicitFileType = wrapper.application; includeInIndex = 0; path = Console.fm.app; sourceTree = BUILT_PRODUCTS_DIR; };
		EA54FC9B17ECC09B0023FEE0 /* Foundation.framework */ = {isa = PBXFileReference; lastKnownFileType = wrapper.framework; name = Foundation.framework; path = System/Library/Frameworks/Foundation.framework; sourceTree = SDKROOT; };
		EA54FC9D17ECC09B0023FEE0 /* CoreGraphics.framework */ = {isa = PBXFileReference; lastKnownFileType = wrapper.framework; name = CoreGraphics.framework; path = System/Library/Frameworks/CoreGraphics.framework; sourceTree = SDKROOT; };
		EA54FC9F17ECC09B0023FEE0 /* UIKit.framework */ = {isa = PBXFileReference; lastKnownFileType = wrapper.framework; name = UIKit.framework; path = System/Library/Frameworks/UIKit.framework; sourceTree = SDKROOT; };
		EA54FCA317ECC09B0023FEE0 /* Console.fm-Info.plist */ = {isa = PBXFileReference; lastKnownFileType = text.plist.xml; path = "Console.fm-Info.plist"; sourceTree = "<group>"; };
		EA54FCA517ECC09B0023FEE0 /* en */ = {isa = PBXFileReference; lastKnownFileType = text.plist.strings; name = en; path = en.lproj/InfoPlist.strings; sourceTree = "<group>"; };
		EA54FCA717ECC09B0023FEE0 /* main.m */ = {isa = PBXFileReference; lastKnownFileType = sourcecode.c.objc; lineEnding = 0; path = main.m; sourceTree = "<group>"; xcLanguageSpecificationIdentifier = xcode.lang.objc; };
		EA54FCA917ECC09B0023FEE0 /* Console.fm-Prefix.pch */ = {isa = PBXFileReference; lastKnownFileType = sourcecode.c.h; path = "Console.fm-Prefix.pch"; sourceTree = "<group>"; };
		EA54FCAA17ECC09B0023FEE0 /* CFMAppDelegate.h */ = {isa = PBXFileReference; lastKnownFileType = sourcecode.c.h; lineEnding = 0; path = CFMAppDelegate.h; sourceTree = "<group>"; xcLanguageSpecificationIdentifier = xcode.lang.objcpp; };
		EA54FCAB17ECC09B0023FEE0 /* CFMAppDelegate.m */ = {isa = PBXFileReference; lastKnownFileType = sourcecode.c.objc; lineEnding = 0; path = CFMAppDelegate.m; sourceTree = "<group>"; xcLanguageSpecificationIdentifier = xcode.lang.objc; };
		EA54FCAE17ECC09B0023FEE0 /* Base */ = {isa = PBXFileReference; lastKnownFileType = file.storyboard; name = Base; path = Base.lproj/Main.storyboard; sourceTree = "<group>"; };
		EA54FCB017ECC09B0023FEE0 /* CFMViewController.h */ = {isa = PBXFileReference; lastKnownFileType = sourcecode.c.h; lineEnding = 0; path = CFMViewController.h; sourceTree = "<group>"; xcLanguageSpecificationIdentifier = xcode.lang.objcpp; };
		EA54FCB117ECC09B0023FEE0 /* CFMViewController.m */ = {isa = PBXFileReference; lastKnownFileType = sourcecode.c.objc; lineEnding = 0; path = CFMViewController.m; sourceTree = "<group>"; xcLanguageSpecificationIdentifier = xcode.lang.objc; };
		EA54FCB317ECC09B0023FEE0 /* Images.xcassets */ = {isa = PBXFileReference; lastKnownFileType = folder.assetcatalog; path = Images.xcassets; sourceTree = "<group>"; };
		EA54FCB917ECC09B0023FEE0 /* Console.fmTests.octest */ = {isa = PBXFileReference; explicitFileType = wrapper.cfbundle; includeInIndex = 0; path = Console.fmTests.octest; sourceTree = BUILT_PRODUCTS_DIR; };
		EA54FCBA17ECC09B0023FEE0 /* XCTest.framework */ = {isa = PBXFileReference; lastKnownFileType = wrapper.framework; name = XCTest.framework; path = Library/Frameworks/XCTest.framework; sourceTree = DEVELOPER_DIR; };
		EA54FCC217ECC09B0023FEE0 /* Console.fmTests-Info.plist */ = {isa = PBXFileReference; lastKnownFileType = text.plist.xml; path = "Console.fmTests-Info.plist"; sourceTree = "<group>"; };
		EA54FCC417ECC09B0023FEE0 /* en */ = {isa = PBXFileReference; lastKnownFileType = text.plist.strings; name = en; path = en.lproj/InfoPlist.strings; sourceTree = "<group>"; };
		EA54FCD317ECC89D0023FEE0 /* Icon-76.png */ = {isa = PBXFileReference; lastKnownFileType = image.png; path = "Icon-76.png"; sourceTree = "<group>"; };
		EA54FCD417ECC89D0023FEE0 /* Icon-76@2x.png */ = {isa = PBXFileReference; lastKnownFileType = image.png; path = "Icon-76@2x.png"; sourceTree = "<group>"; };
		EA54FCD517ECC89D0023FEE0 /* Icon-Small-50.png */ = {isa = PBXFileReference; lastKnownFileType = image.png; path = "Icon-Small-50.png"; sourceTree = "<group>"; };
		EA54FCD617ECC89D0023FEE0 /* Icon-Small-50@2x.png */ = {isa = PBXFileReference; lastKnownFileType = image.png; path = "Icon-Small-50@2x.png"; sourceTree = "<group>"; };
		EA54FCD717ECC89D0023FEE0 /* Icon-Small.png */ = {isa = PBXFileReference; lastKnownFileType = image.png; path = "Icon-Small.png"; sourceTree = "<group>"; };
		EA54FCD817ECC89D0023FEE0 /* Icon-Small@2x.png */ = {isa = PBXFileReference; lastKnownFileType = image.png; path = "Icon-Small@2x.png"; sourceTree = "<group>"; };
		EA54FCD917ECC89D0023FEE0 /* Icon.png */ = {isa = PBXFileReference; lastKnownFileType = image.png; path = Icon.png; sourceTree = "<group>"; };
		EA54FCDA17ECC89D0023FEE0 /* Icon@2x.png */ = {isa = PBXFileReference; lastKnownFileType = image.png; path = "Icon@2x.png"; sourceTree = "<group>"; };
		EA54FCDB17ECC89D0023FEE0 /* iTunesArtwork.png */ = {isa = PBXFileReference; lastKnownFileType = image.png; path = iTunesArtwork.png; sourceTree = "<group>"; };
		EA54FCDC17ECC89D0023FEE0 /* iTunesArtwork@2x.png */ = {isa = PBXFileReference; lastKnownFileType = image.png; path = "iTunesArtwork@2x.png"; sourceTree = "<group>"; };
		EA54FCEA17ECCD6C0023FEE0 /* Icon-80.png */ = {isa = PBXFileReference; lastKnownFileType = image.png; path = "Icon-80.png"; sourceTree = "<group>"; };
		EA54FCEB17ECCD6C0023FEE0 /* Icon-80@2x.png */ = {isa = PBXFileReference; lastKnownFileType = image.png; path = "Icon-80@2x.png"; sourceTree = "<group>"; };
		EA54FCEE17ECE2D10023FEE0 /* Console.fmTests-Prefix.pch */ = {isa = PBXFileReference; fileEncoding = 4; lastKnownFileType = sourcecode.c.h; path = "Console.fmTests-Prefix.pch"; sourceTree = "<group>"; };
		EA54FCF117ECE5BF0023FEE0 /* CFMGenreSpec.m */ = {isa = PBXFileReference; fileEncoding = 4; lastKnownFileType = sourcecode.c.objc; lineEnding = 0; name = CFMGenreSpec.m; path = Tests/Models/CFMGenreSpec.m; sourceTree = "<group>"; xcLanguageSpecificationIdentifier = xcode.lang.objc; };
		EA54FCF317ECE6560023FEE0 /* SenTestingKit.framework */ = {isa = PBXFileReference; lastKnownFileType = wrapper.framework; name = SenTestingKit.framework; path = Library/Frameworks/SenTestingKit.framework; sourceTree = DEVELOPER_DIR; };
		EA54FCF617ECE8140023FEE0 /* CFMGenre.h */ = {isa = PBXFileReference; fileEncoding = 4; lastKnownFileType = sourcecode.c.h; lineEnding = 0; name = CFMGenre.h; path = Models/CFMGenre.h; sourceTree = "<group>"; xcLanguageSpecificationIdentifier = xcode.lang.objcpp; };
		EA54FCF717ECE8140023FEE0 /* CFMGenre.m */ = {isa = PBXFileReference; fileEncoding = 4; lastKnownFileType = sourcecode.c.objc; lineEnding = 0; name = CFMGenre.m; path = Models/CFMGenre.m; sourceTree = "<group>"; xcLanguageSpecificationIdentifier = xcode.lang.objc; };
		EA54FCFB17ECEA9D0023FEE0 /* CFMGenre+JSONFixture.h */ = {isa = PBXFileReference; fileEncoding = 4; lastKnownFileType = sourcecode.c.h; lineEnding = 0; name = "CFMGenre+JSONFixture.h"; path = "Fixtures/CFMGenre+JSONFixture.h"; sourceTree = "<group>"; xcLanguageSpecificationIdentifier = xcode.lang.objcpp; };
		EA54FCFC17ECEA9D0023FEE0 /* CFMGenre+JSONFixture.m */ = {isa = PBXFileReference; fileEncoding = 4; lastKnownFileType = sourcecode.c.objc; lineEnding = 0; name = "CFMGenre+JSONFixture.m"; path = "Fixtures/CFMGenre+JSONFixture.m"; sourceTree = "<group>"; xcLanguageSpecificationIdentifier = xcode.lang.objc; };
		EA54FCFE17ECEE390023FEE0 /* CFMArtistSpec.m */ = {isa = PBXFileReference; fileEncoding = 4; lastKnownFileType = sourcecode.c.objc; lineEnding = 0; name = CFMArtistSpec.m; path = Tests/Models/CFMArtistSpec.m; sourceTree = "<group>"; xcLanguageSpecificationIdentifier = xcode.lang.objc; };
		EA54FD0017ECEE700023FEE0 /* CFMArtist.h */ = {isa = PBXFileReference; fileEncoding = 4; lastKnownFileType = sourcecode.c.h; lineEnding = 0; name = CFMArtist.h; path = Models/CFMArtist.h; sourceTree = "<group>"; xcLanguageSpecificationIdentifier = xcode.lang.objcpp; };
		EA54FD0117ECEE700023FEE0 /* CFMArtist.m */ = {isa = PBXFileReference; fileEncoding = 4; lastKnownFileType = sourcecode.c.objc; lineEnding = 0; name = CFMArtist.m; path = Models/CFMArtist.m; sourceTree = "<group>"; xcLanguageSpecificationIdentifier = xcode.lang.objc; };
		EA54FD0317ECF6CB0023FEE0 /* CFMArtist+JSONFixture.h */ = {isa = PBXFileReference; fileEncoding = 4; lastKnownFileType = sourcecode.c.h; lineEnding = 0; name = "CFMArtist+JSONFixture.h"; path = "Console.fmTests/Fixtures/CFMArtist+JSONFixture.h"; sourceTree = SOURCE_ROOT; xcLanguageSpecificationIdentifier = xcode.lang.objcpp; };
		EA54FD0417ECF6CB0023FEE0 /* CFMArtist+JSONFixture.m */ = {isa = PBXFileReference; fileEncoding = 4; lastKnownFileType = sourcecode.c.objc; lineEnding = 0; name = "CFMArtist+JSONFixture.m"; path = "Console.fmTests/Fixtures/CFMArtist+JSONFixture.m"; sourceTree = SOURCE_ROOT; xcLanguageSpecificationIdentifier = xcode.lang.objc; };
		EA54FD0717ED04B90023FEE0 /* CFMTrackSpec.m */ = {isa = PBXFileReference; fileEncoding = 4; lastKnownFileType = sourcecode.c.objc; lineEnding = 0; name = CFMTrackSpec.m; path = Console.fmTests/Tests/Models/CFMTrackSpec.m; sourceTree = SOURCE_ROOT; xcLanguageSpecificationIdentifier = xcode.lang.objc; };
		EA54FD0917ED05A20023FEE0 /* CFMTrack.h */ = {isa = PBXFileReference; fileEncoding = 4; lastKnownFileType = sourcecode.c.h; lineEnding = 0; name = CFMTrack.h; path = Console.fm/Models/CFMTrack.h; sourceTree = SOURCE_ROOT; xcLanguageSpecificationIdentifier = xcode.lang.objcpp; };
		EA54FD0A17ED05A20023FEE0 /* CFMTrack.m */ = {isa = PBXFileReference; fileEncoding = 4; lastKnownFileType = sourcecode.c.objc; lineEnding = 0; name = CFMTrack.m; path = Console.fm/Models/CFMTrack.m; sourceTree = SOURCE_ROOT; xcLanguageSpecificationIdentifier = xcode.lang.objc; };
		EA54FD0C17ED07B40023FEE0 /* CFMTrack+JSONFixture.h */ = {isa = PBXFileReference; fileEncoding = 4; lastKnownFileType = sourcecode.c.h; lineEnding = 0; name = "CFMTrack+JSONFixture.h"; path = "Console.fmTests/Fixtures/CFMTrack+JSONFixture.h"; sourceTree = SOURCE_ROOT; xcLanguageSpecificationIdentifier = xcode.lang.objcpp; };
		EA54FD0D17ED07B40023FEE0 /* CFMTrack+JSONFixture.m */ = {isa = PBXFileReference; fileEncoding = 4; lastKnownFileType = sourcecode.c.objc; lineEnding = 0; name = "CFMTrack+JSONFixture.m"; path = "Console.fmTests/Fixtures/CFMTrack+JSONFixture.m"; sourceTree = SOURCE_ROOT; xcLanguageSpecificationIdentifier = xcode.lang.objc; };
		EA6AA04A17EF98AC00E469D1 /* private.plist */ = {isa = PBXFileReference; fileEncoding = 4; lastKnownFileType = text.plist.xml; name = private.plist; path = Console.fm/private.plist; sourceTree = SOURCE_ROOT; };
		EA6AA04D17EF9DAD00E469D1 /* CFMAPIClient+StubExtentions.h */ = {isa = PBXFileReference; fileEncoding = 4; lastKnownFileType = sourcecode.c.h; name = "CFMAPIClient+StubExtentions.h"; path = "Console.fmTests/Stubs/CFMAPIClient+StubExtentions.h"; sourceTree = SOURCE_ROOT; };
		EA6AA04E17EF9DAD00E469D1 /* CFMAPIClient+StubExtentions.m */ = {isa = PBXFileReference; fileEncoding = 4; lastKnownFileType = sourcecode.c.objc; name = "CFMAPIClient+StubExtentions.m"; path = "Console.fmTests/Stubs/CFMAPIClient+StubExtentions.m"; sourceTree = SOURCE_ROOT; };
		EA6AA05117EFA25700E469D1 /* genres.json */ = {isa = PBXFileReference; fileEncoding = 4; lastKnownFileType = text.json; name = genres.json; path = Console.fmTests/JSON/genres.json; sourceTree = SOURCE_ROOT; };
		EA6AA05317EFAE3500E469D1 /* tracks.json */ = {isa = PBXFileReference; fileEncoding = 4; lastKnownFileType = text.json; name = tracks.json; path = Console.fmTests/JSON/tracks.json; sourceTree = SOURCE_ROOT; };
		EA6AA05817F0067300E469D1 /* CFMObjectSpec.m */ = {isa = PBXFileReference; fileEncoding = 4; lastKnownFileType = sourcecode.c.objc; name = CFMObjectSpec.m; path = Console.fmTests/Tests/Models/CFMObjectSpec.m; sourceTree = SOURCE_ROOT; };
		EA6AA05B17F006F000E469D1 /* CFMObject.h */ = {isa = PBXFileReference; fileEncoding = 4; lastKnownFileType = sourcecode.c.h; name = CFMObject.h; path = Console.fm/Models/CFMObject.h; sourceTree = SOURCE_ROOT; };
		EA6AA05C17F006F000E469D1 /* CFMObject.m */ = {isa = PBXFileReference; fileEncoding = 4; lastKnownFileType = sourcecode.c.objc; name = CFMObject.m; path = Console.fm/Models/CFMObject.m; sourceTree = SOURCE_ROOT; };
		EA6AA05E17F0071B00E469D1 /* CFMObject+JSONFixture.h */ = {isa = PBXFileReference; fileEncoding = 4; lastKnownFileType = sourcecode.c.h; name = "CFMObject+JSONFixture.h"; path = "Console.fmTests/Fixtures/CFMObject+JSONFixture.h"; sourceTree = SOURCE_ROOT; };
		EA6AA05F17F0071B00E469D1 /* CFMObject+JSONFixture.m */ = {isa = PBXFileReference; fileEncoding = 4; lastKnownFileType = sourcecode.c.objc; name = "CFMObject+JSONFixture.m"; path = "Console.fmTests/Fixtures/CFMObject+JSONFixture.m"; sourceTree = SOURCE_ROOT; };
		EA6AA06517F00C0900E469D1 /* CFMAPIClient.h */ = {isa = PBXFileReference; fileEncoding = 4; lastKnownFileType = sourcecode.c.h; path = CFMAPIClient.h; sourceTree = "<group>"; };
		EA6AA06617F00C0900E469D1 /* CFMAPIClient.m */ = {isa = PBXFileReference; fileEncoding = 4; lastKnownFileType = sourcecode.c.objc; path = CFMAPIClient.m; sourceTree = "<group>"; };
		EA6AA06C17F0C00800E469D1 /* CFMSessionManager.h */ = {isa = PBXFileReference; fileEncoding = 4; lastKnownFileType = sourcecode.c.h; path = CFMSessionManager.h; sourceTree = "<group>"; };
		EA6AA06D17F0C00800E469D1 /* CFMSessionManager.m */ = {isa = PBXFileReference; fileEncoding = 4; lastKnownFileType = sourcecode.c.objc; path = CFMSessionManager.m; sourceTree = "<group>"; };
		EA6AA06F17F0DF4000E469D1 /* private.plist */ = {isa = PBXFileReference; fileEncoding = 4; lastKnownFileType = text.plist.xml; name = private.plist; path = Console.fm/private.plist; sourceTree = SOURCE_ROOT; };
		EAA7BAF717F0E2260042B9D6 /* CFMAPIClientSpec.m */ = {isa = PBXFileReference; fileEncoding = 4; lastKnownFileType = sourcecode.c.objc; name = CFMAPIClientSpec.m; path = Console.fmTests/Tests/Helpers/CFMAPIClientSpec.m; sourceTree = SOURCE_ROOT; };
/* End PBXFileReference section */

/* Begin PBXFrameworksBuildPhase section */
		EA54FC9517ECC09B0023FEE0 /* Frameworks */ = {
			isa = PBXFrameworksBuildPhase;
			buildActionMask = 2147483647;
			files = (
				EA54FC9E17ECC09B0023FEE0 /* CoreGraphics.framework in Frameworks */,
				EA54FCA017ECC09B0023FEE0 /* UIKit.framework in Frameworks */,
				EA54FC9C17ECC09B0023FEE0 /* Foundation.framework in Frameworks */,
				0224CEC4A07E4C68A98A2384 /* libPods.a in Frameworks */,
			);
			runOnlyForDeploymentPostprocessing = 0;
		};
		EA54FCB617ECC09B0023FEE0 /* Frameworks */ = {
			isa = PBXFrameworksBuildPhase;
			buildActionMask = 2147483647;
			files = (
				EA54FCF417ECE6560023FEE0 /* SenTestingKit.framework in Frameworks */,
				EA54FCBD17ECC09B0023FEE0 /* UIKit.framework in Frameworks */,
				EA54FCBC17ECC09B0023FEE0 /* Foundation.framework in Frameworks */,
				E165ECF9F0464A83BF1D33B2 /* libPods-Console.fmTests.a in Frameworks */,
			);
			runOnlyForDeploymentPostprocessing = 0;
		};
/* End PBXFrameworksBuildPhase section */

/* Begin PBXGroup section */
		EA54FC8F17ECC09B0023FEE0 = {
			isa = PBXGroup;
			children = (
				EA54FCA117ECC09B0023FEE0 /* Console.fm */,
				EA54FCC017ECC09B0023FEE0 /* Console.fmTests */,
				EA54FC9A17ECC09B0023FEE0 /* Frameworks */,
				EA54FC9917ECC09B0023FEE0 /* Products */,
				4177021587D14F788E5180FA /* Pods-Console.fmTests.xcconfig */,
				5546FC8192D94F8C8B11B0C8 /* Pods.xcconfig */,
			);
			indentWidth = 4;
			sourceTree = "<group>";
			tabWidth = 4;
			usesTabs = 0;
		};
		EA54FC9917ECC09B0023FEE0 /* Products */ = {
			isa = PBXGroup;
			children = (
				EA54FC9817ECC09B0023FEE0 /* Console.fm.app */,
				EA54FCB917ECC09B0023FEE0 /* Console.fmTests.octest */,
			);
			name = Products;
			sourceTree = "<group>";
		};
		EA54FC9A17ECC09B0023FEE0 /* Frameworks */ = {
			isa = PBXGroup;
			children = (
				EA54FCF317ECE6560023FEE0 /* SenTestingKit.framework */,
				EA54FC9B17ECC09B0023FEE0 /* Foundation.framework */,
				EA54FC9D17ECC09B0023FEE0 /* CoreGraphics.framework */,
				EA54FC9F17ECC09B0023FEE0 /* UIKit.framework */,
				EA54FCBA17ECC09B0023FEE0 /* XCTest.framework */,
				60EB851E29FF4988BD678EA3 /* libPods-Console.fmTests.a */,
				8F3A09629DAB42D6B1D7AC6C /* libPods.a */,
			);
			name = Frameworks;
			sourceTree = "<group>";
		};
		EA54FCA117ECC09B0023FEE0 /* Console.fm */ = {
			isa = PBXGroup;
			children = (
				EA6AA06417F00C0900E469D1 /* Helpers */,
				EABFA25917ED0F840061D862 /* Controllers */,
				EA54FCF517ECE7F70023FEE0 /* Models */,
				EA54FCD017ECC88E0023FEE0 /* images */,
				EA54FCAA17ECC09B0023FEE0 /* CFMAppDelegate.h */,
				EA54FCAB17ECC09B0023FEE0 /* CFMAppDelegate.m */,
				EA54FCAD17ECC09B0023FEE0 /* Main.storyboard */,
				EA54FCB017ECC09B0023FEE0 /* CFMViewController.h */,
				EA54FCB117ECC09B0023FEE0 /* CFMViewController.m */,
				EA54FCB317ECC09B0023FEE0 /* Images.xcassets */,
				EA54FCA217ECC09B0023FEE0 /* Supporting Files */,
			);
			name = Console.fm;
			path = Console.FM;
			sourceTree = "<group>";
		};
		EA54FCA217ECC09B0023FEE0 /* Supporting Files */ = {
			isa = PBXGroup;
			children = (
				EA54FCA317ECC09B0023FEE0 /* Console.fm-Info.plist */,
				EA54FCA417ECC09B0023FEE0 /* InfoPlist.strings */,
				EA54FCA717ECC09B0023FEE0 /* main.m */,
				EA54FCA917ECC09B0023FEE0 /* Console.fm-Prefix.pch */,
				EA6AA06F17F0DF4000E469D1 /* private.plist */,
			);
			name = "Supporting Files";
			sourceTree = "<group>";
		};
		EA54FCC017ECC09B0023FEE0 /* Console.fmTests */ = {
			isa = PBXGroup;
			children = (
				EA6AA05017EFA1ED00E469D1 /* JSON */,
				EA6AA04C17EF9D8A00E469D1 /* Stubs */,
				EA54FCF917ECE9090023FEE0 /* Fixtures */,
				EA54FCEF17ECE3600023FEE0 /* Tests */,
				EA54FCC117ECC09B0023FEE0 /* Supporting Files */,
			);
			name = Console.fmTests;
			path = Console.FMTests;
			sourceTree = "<group>";
		};
		EA54FCC117ECC09B0023FEE0 /* Supporting Files */ = {
			isa = PBXGroup;
			children = (
				EA54FCC217ECC09B0023FEE0 /* Console.fmTests-Info.plist */,
				EA54FCC317ECC09B0023FEE0 /* InfoPlist.strings */,
				EA54FCEE17ECE2D10023FEE0 /* Console.fmTests-Prefix.pch */,
				EA6AA04A17EF98AC00E469D1 /* private.plist */,
			);
			name = "Supporting Files";
			sourceTree = "<group>";
		};
		EA54FCD017ECC88E0023FEE0 /* images */ = {
			isa = PBXGroup;
			children = (
				EA54FCD117ECC89D0023FEE0 /* app-icons */,
			);
			name = images;
			sourceTree = "<group>";
		};
		EA54FCD117ECC89D0023FEE0 /* app-icons */ = {
			isa = PBXGroup;
			children = (
				EA54FCEA17ECCD6C0023FEE0 /* Icon-80.png */,
				EA54FCEB17ECCD6C0023FEE0 /* Icon-80@2x.png */,
				EA54FCD317ECC89D0023FEE0 /* Icon-76.png */,
				EA54FCD417ECC89D0023FEE0 /* Icon-76@2x.png */,
				EA54FCD517ECC89D0023FEE0 /* Icon-Small-50.png */,
				EA54FCD617ECC89D0023FEE0 /* Icon-Small-50@2x.png */,
				EA54FCD717ECC89D0023FEE0 /* Icon-Small.png */,
				EA54FCD817ECC89D0023FEE0 /* Icon-Small@2x.png */,
				EA54FCD917ECC89D0023FEE0 /* Icon.png */,
				EA54FCDA17ECC89D0023FEE0 /* Icon@2x.png */,
				EA54FCDB17ECC89D0023FEE0 /* iTunesArtwork.png */,
				EA54FCDC17ECC89D0023FEE0 /* iTunesArtwork@2x.png */,
			);
			name = "app-icons";
			path = "../../app-icons";
			sourceTree = "<group>";
		};
		EA54FCEF17ECE3600023FEE0 /* Tests */ = {
			isa = PBXGroup;
			children = (
				EA6AA06817F00C3600E469D1 /* Helpers */,
				EA54FCF017ECE3680023FEE0 /* Models */,
			);
			name = Tests;
			sourceTree = "<group>";
		};
		EA54FCF017ECE3680023FEE0 /* Models */ = {
			isa = PBXGroup;
			children = (
				EA6AA05817F0067300E469D1 /* CFMObjectSpec.m */,
				EA54FCF117ECE5BF0023FEE0 /* CFMGenreSpec.m */,
				EA54FCFE17ECEE390023FEE0 /* CFMArtistSpec.m */,
				EA54FD0717ED04B90023FEE0 /* CFMTrackSpec.m */,
			);
			name = Models;
			sourceTree = "<group>";
		};
		EA54FCF517ECE7F70023FEE0 /* Models */ = {
			isa = PBXGroup;
			children = (
				EA54FCF617ECE8140023FEE0 /* CFMGenre.h */,
				EA54FCF717ECE8140023FEE0 /* CFMGenre.m */,
				EA54FD0017ECEE700023FEE0 /* CFMArtist.h */,
				EA54FD0117ECEE700023FEE0 /* CFMArtist.m */,
				EA54FD0917ED05A20023FEE0 /* CFMTrack.h */,
				EA54FD0A17ED05A20023FEE0 /* CFMTrack.m */,
				EA6AA05B17F006F000E469D1 /* CFMObject.h */,
				EA6AA05C17F006F000E469D1 /* CFMObject.m */,
			);
			name = Models;
			sourceTree = "<group>";
		};
		EA54FCF917ECE9090023FEE0 /* Fixtures */ = {
			isa = PBXGroup;
			children = (
				EA54FCFB17ECEA9D0023FEE0 /* CFMGenre+JSONFixture.h */,
				EA54FCFC17ECEA9D0023FEE0 /* CFMGenre+JSONFixture.m */,
				EA54FD0317ECF6CB0023FEE0 /* CFMArtist+JSONFixture.h */,
				EA54FD0417ECF6CB0023FEE0 /* CFMArtist+JSONFixture.m */,
				EA54FD0C17ED07B40023FEE0 /* CFMTrack+JSONFixture.h */,
				EA54FD0D17ED07B40023FEE0 /* CFMTrack+JSONFixture.m */,
				EA6AA05E17F0071B00E469D1 /* CFMObject+JSONFixture.h */,
				EA6AA05F17F0071B00E469D1 /* CFMObject+JSONFixture.m */,
			);
			name = Fixtures;
			sourceTree = "<group>";
		};
		EA6AA04C17EF9D8A00E469D1 /* Stubs */ = {
			isa = PBXGroup;
			children = (
				EA6AA04D17EF9DAD00E469D1 /* CFMAPIClient+StubExtentions.h */,
				EA6AA04E17EF9DAD00E469D1 /* CFMAPIClient+StubExtentions.m */,
			);
			name = Stubs;
			sourceTree = "<group>";
		};
		EA6AA05017EFA1ED00E469D1 /* JSON */ = {
			isa = PBXGroup;
			children = (
				EA6AA05317EFAE3500E469D1 /* tracks.json */,
				EA6AA05117EFA25700E469D1 /* genres.json */,
			);
			name = JSON;
			sourceTree = "<group>";
		};
		EA6AA06417F00C0900E469D1 /* Helpers */ = {
			isa = PBXGroup;
			children = (
				EA6AA06517F00C0900E469D1 /* CFMAPIClient.h */,
				EA6AA06617F00C0900E469D1 /* CFMAPIClient.m */,
				EA6AA06C17F0C00800E469D1 /* CFMSessionManager.h */,
				EA6AA06D17F0C00800E469D1 /* CFMSessionManager.m */,
			);
			name = Helpers;
			path = Console.fm/Helpers;
			sourceTree = SOURCE_ROOT;
		};
		EA6AA06817F00C3600E469D1 /* Helpers */ = {
			isa = PBXGroup;
			children = (
				EAA7BAF717F0E2260042B9D6 /* CFMAPIClientSpec.m */,
			);
			name = Helpers;
			path = Console.fmTests/Helpers;
			sourceTree = SOURCE_ROOT;
		};
		EABFA25917ED0F840061D862 /* Controllers */ = {
			isa = PBXGroup;
			children = (
			);
			name = Controllers;
			sourceTree = "<group>";
		};
/* End PBXGroup section */

/* Begin PBXNativeTarget section */
		EA54FC9717ECC09B0023FEE0 /* Console.fm */ = {
			isa = PBXNativeTarget;
			buildConfigurationList = EA54FCCA17ECC09B0023FEE0 /* Build configuration list for PBXNativeTarget "Console.fm" */;
			buildPhases = (
				8FE617FB7B764F55B5E91011 /* Check Pods Manifest.lock */,
				EA54FC9417ECC09B0023FEE0 /* Sources */,
				EA54FC9517ECC09B0023FEE0 /* Frameworks */,
				EA54FC9617ECC09B0023FEE0 /* Resources */,
				209F6816955D429AB09FA2F1 /* Warn for TODO and FIXME comments */,
				6CE51E3EE3594CC89125A0C0 /* Copy Pods Resources */,
			);
			buildRules = (
			);
			dependencies = (
			);
			name = Console.fm;
			productName = Console.FM;
			productReference = EA54FC9817ECC09B0023FEE0 /* Console.fm.app */;
			productType = "com.apple.product-type.application";
		};
		EA54FCB817ECC09B0023FEE0 /* Console.fmTests */ = {
			isa = PBXNativeTarget;
			buildConfigurationList = EA54FCCD17ECC09B0023FEE0 /* Build configuration list for PBXNativeTarget "Console.fmTests" */;
			buildPhases = (
				45435E632F634A84B678157D /* Check Pods Manifest.lock */,
				EA54FCB517ECC09B0023FEE0 /* Sources */,
				EA54FCB617ECC09B0023FEE0 /* Frameworks */,
				EA54FCB717ECC09B0023FEE0 /* Resources */,
				6B6031F9FE5D4F9787E7E438 /* Copy Pods Resources */,
			);
			buildRules = (
			);
			dependencies = (
				EA54FCBF17ECC09B0023FEE0 /* PBXTargetDependency */,
			);
			name = Console.fmTests;
			productName = Console.FMTests;
			productReference = EA54FCB917ECC09B0023FEE0 /* Console.fmTests.octest */;
			productType = "com.apple.product-type.bundle.unit-test";
		};
/* End PBXNativeTarget section */

/* Begin PBXProject section */
		EA54FC9017ECC09B0023FEE0 /* Project object */ = {
			isa = PBXProject;
			attributes = {
				CLASSPREFIX = CFM;
				LastUpgradeCheck = 0500;
				ORGANIZATIONNAME = "Simple Casual";
				TargetAttributes = {
					EA54FC9717ECC09B0023FEE0 = {
						SystemCapabilities = {
							com.apple.BackgroundModes = {
								enabled = 1;
							};
						};
					};
					EA54FCB817ECC09B0023FEE0 = {
						TestTargetID = EA54FC9717ECC09B0023FEE0;
					};
				};
			};
			buildConfigurationList = EA54FC9317ECC09B0023FEE0 /* Build configuration list for PBXProject "Console.fm" */;
			compatibilityVersion = "Xcode 3.2";
			developmentRegion = English;
			hasScannedForEncodings = 0;
			knownRegions = (
				en,
				Base,
			);
			mainGroup = EA54FC8F17ECC09B0023FEE0;
			productRefGroup = EA54FC9917ECC09B0023FEE0 /* Products */;
			projectDirPath = "";
			projectRoot = "";
			targets = (
				EA54FC9717ECC09B0023FEE0 /* Console.fm */,
				EA54FCB817ECC09B0023FEE0 /* Console.fmTests */,
			);
		};
/* End PBXProject section */

/* Begin PBXResourcesBuildPhase section */
		EA54FC9617ECC09B0023FEE0 /* Resources */ = {
			isa = PBXResourcesBuildPhase;
			buildActionMask = 2147483647;
			files = (
				EA54FCEC17ECCD6C0023FEE0 /* Icon-80.png in Resources */,
				EA54FCB417ECC09B0023FEE0 /* Images.xcassets in Resources */,
				EA6AA04B17EF98AC00E469D1 /* private.plist in Resources */,
				EA54FCE617ECC89D0023FEE0 /* Icon@2x.png in Resources */,
				EA54FCE117ECC89D0023FEE0 /* Icon-Small-50.png in Resources */,
				EA54FCE217ECC89D0023FEE0 /* Icon-Small-50@2x.png in Resources */,
				EA54FCE417ECC89D0023FEE0 /* Icon-Small@2x.png in Resources */,
				EA54FCDF17ECC89D0023FEE0 /* Icon-76.png in Resources */,
				EA6AA07017F0DF4000E469D1 /* private.plist in Resources */,
				EA54FCE717ECC89D0023FEE0 /* iTunesArtwork.png in Resources */,
				EA54FCA617ECC09B0023FEE0 /* InfoPlist.strings in Resources */,
				EA54FCE817ECC89D0023FEE0 /* iTunesArtwork@2x.png in Resources */,
				EA54FCE017ECC89D0023FEE0 /* Icon-76@2x.png in Resources */,
				EA54FCE517ECC89D0023FEE0 /* Icon.png in Resources */,
				EA54FCED17ECCD6C0023FEE0 /* Icon-80@2x.png in Resources */,
				EA54FCAF17ECC09B0023FEE0 /* Main.storyboard in Resources */,
				EA54FCE317ECC89D0023FEE0 /* Icon-Small.png in Resources */,
			);
			runOnlyForDeploymentPostprocessing = 0;
		};
		EA54FCB717ECC09B0023FEE0 /* Resources */ = {
			isa = PBXResourcesBuildPhase;
			buildActionMask = 2147483647;
			files = (
				EA54FCC517ECC09B0023FEE0 /* InfoPlist.strings in Resources */,
				EA6AA05217EFA25700E469D1 /* genres.json in Resources */,
				EA6AA05417EFAE3500E469D1 /* tracks.json in Resources */,
			);
			runOnlyForDeploymentPostprocessing = 0;
		};
/* End PBXResourcesBuildPhase section */

/* Begin PBXShellScriptBuildPhase section */
		209F6816955D429AB09FA2F1 /* Warn for TODO and FIXME comments */ = {
			isa = PBXShellScriptBuildPhase;
			buildActionMask = 2147483647;
			files = (
			);
			inputPaths = (
			);
			name = "Warn for TODO and FIXME comments";
			outputPaths = (
			);
			runOnlyForDeploymentPostprocessing = 0;
			shellPath = /bin/sh;
			shellScript = "KEYWORDS=\"TODO:|FIXME:|\\?\\?\\?:|\\!\\!\\!:\"\nFILE_EXTENSIONS=\"h|m|mm|c|cpp\"\nfind -E \"${SRCROOT}\" -ipath \"${SRCROOT}/pods\" -prune -o \\( -regex \".*\\.($FILE_EXTENSIONS)$\" \\) -print0 | xargs -0 egrep --with-filename --line-number --only-matching \"($KEYWORDS).*\\$\" | perl -p -e \"s/($KEYWORDS)/ warning: \\$1/\"\n";
		};
		45435E632F634A84B678157D /* Check Pods Manifest.lock */ = {
			isa = PBXShellScriptBuildPhase;
			buildActionMask = 2147483647;
			files = (
			);
			inputPaths = (
			);
			name = "Check Pods Manifest.lock";
			outputPaths = (
			);
			runOnlyForDeploymentPostprocessing = 0;
			shellPath = /bin/sh;
			shellScript = "diff \"${PODS_ROOT}/../Podfile.lock\" \"${PODS_ROOT}/Manifest.lock\" > /dev/null\nif [[ $? != 0 ]] ; then\n    cat << EOM\nerror: The sandbox is not in sync with the Podfile.lock. Run 'pod install' or update your CocoaPods installation.\nEOM\n    exit 1\nfi\n";
			showEnvVarsInLog = 0;
		};
		6B6031F9FE5D4F9787E7E438 /* Copy Pods Resources */ = {
			isa = PBXShellScriptBuildPhase;
			buildActionMask = 2147483647;
			files = (
			);
			inputPaths = (
			);
			name = "Copy Pods Resources";
			outputPaths = (
			);
			runOnlyForDeploymentPostprocessing = 0;
			shellPath = /bin/sh;
			shellScript = "\"${SRCROOT}/Pods/Pods-Console.fmTests-resources.sh\"\n";
			showEnvVarsInLog = 0;
		};
		6CE51E3EE3594CC89125A0C0 /* Copy Pods Resources */ = {
			isa = PBXShellScriptBuildPhase;
			buildActionMask = 2147483647;
			files = (
			);
			inputPaths = (
			);
			name = "Copy Pods Resources";
			outputPaths = (
			);
			runOnlyForDeploymentPostprocessing = 0;
			shellPath = /bin/sh;
			shellScript = "\"${SRCROOT}/Pods/Pods-resources.sh\"\n";
			showEnvVarsInLog = 0;
		};
		8FE617FB7B764F55B5E91011 /* Check Pods Manifest.lock */ = {
			isa = PBXShellScriptBuildPhase;
			buildActionMask = 2147483647;
			files = (
			);
			inputPaths = (
			);
			name = "Check Pods Manifest.lock";
			outputPaths = (
			);
			runOnlyForDeploymentPostprocessing = 0;
			shellPath = /bin/sh;
			shellScript = "diff \"${PODS_ROOT}/../Podfile.lock\" \"${PODS_ROOT}/Manifest.lock\" > /dev/null\nif [[ $? != 0 ]] ; then\n    cat << EOM\nerror: The sandbox is not in sync with the Podfile.lock. Run 'pod install' or update your CocoaPods installation.\nEOM\n    exit 1\nfi\n";
			showEnvVarsInLog = 0;
		};
/* End PBXShellScriptBuildPhase section */

/* Begin PBXSourcesBuildPhase section */
		EA54FC9417ECC09B0023FEE0 /* Sources */ = {
			isa = PBXSourcesBuildPhase;
			buildActionMask = 2147483647;
			files = (
				EA6AA06717F00C0900E469D1 /* CFMAPIClient.m in Sources */,
				EA54FD0B17ED05A20023FEE0 /* CFMTrack.m in Sources */,
				EA54FD0617ECFE940023FEE0 /* CFMArtist.m in Sources */,
				EA54FCF817ECE8140023FEE0 /* CFMGenre.m in Sources */,
				EA6AA06E17F0C00800E469D1 /* CFMSessionManager.m in Sources */,
				EA54FCB217ECC09B0023FEE0 /* CFMViewController.m in Sources */,
				EA54FCA817ECC09B0023FEE0 /* main.m in Sources */,
				EA6AA05D17F006F000E469D1 /* CFMObject.m in Sources */,
				EA54FCAC17ECC09B0023FEE0 /* CFMAppDelegate.m in Sources */,
			);
			runOnlyForDeploymentPostprocessing = 0;
		};
		EA54FCB517ECC09B0023FEE0 /* Sources */ = {
			isa = PBXSourcesBuildPhase;
			buildActionMask = 2147483647;
			files = (
				EAA7BAF917F0E2310042B9D6 /* CFMAPIClientSpec.m in Sources */,
				EA54FCFD17ECEA9D0023FEE0 /* CFMGenre+JSONFixture.m in Sources */,
				EA54FCFF17ECEE390023FEE0 /* CFMArtistSpec.m in Sources */,
				EA6AA04F17EF9DAD00E469D1 /* CFMAPIClient+StubExtentions.m in Sources */,
				EA54FCF217ECE5BF0023FEE0 /* CFMGenreSpec.m in Sources */,
				EA6AA06317F0072E00E469D1 /* CFMArtist+JSONFixture.m in Sources */,
				EABFA25717ED0CEB0061D862 /* CFMTrackSpec.m in Sources */,
				EA6AA05A17F0067900E469D1 /* CFMObjectSpec.m in Sources */,
				EA6AA06217F0072B00E469D1 /* CFMTrack+JSONFixture.m in Sources */,
				EA6AA06117F0071E00E469D1 /* CFMObject+JSONFixture.m in Sources */,
			);
			runOnlyForDeploymentPostprocessing = 0;
		};
/* End PBXSourcesBuildPhase section */

/* Begin PBXTargetDependency section */
		EA54FCBF17ECC09B0023FEE0 /* PBXTargetDependency */ = {
			isa = PBXTargetDependency;
			target = EA54FC9717ECC09B0023FEE0 /* Console.fm */;
			targetProxy = EA54FCBE17ECC09B0023FEE0 /* PBXContainerItemProxy */;
		};
/* End PBXTargetDependency section */

/* Begin PBXVariantGroup section */
		EA54FCA417ECC09B0023FEE0 /* InfoPlist.strings */ = {
			isa = PBXVariantGroup;
			children = (
				EA54FCA517ECC09B0023FEE0 /* en */,
			);
			name = InfoPlist.strings;
			sourceTree = "<group>";
		};
		EA54FCAD17ECC09B0023FEE0 /* Main.storyboard */ = {
			isa = PBXVariantGroup;
			children = (
				EA54FCAE17ECC09B0023FEE0 /* Base */,
			);
			name = Main.storyboard;
			sourceTree = "<group>";
		};
		EA54FCC317ECC09B0023FEE0 /* InfoPlist.strings */ = {
			isa = PBXVariantGroup;
			children = (
				EA54FCC417ECC09B0023FEE0 /* en */,
			);
			name = InfoPlist.strings;
			sourceTree = "<group>";
		};
/* End PBXVariantGroup section */

/* Begin XCBuildConfiguration section */
		EA54FCC817ECC09B0023FEE0 /* Debug */ = {
			isa = XCBuildConfiguration;
			buildSettings = {
				ALWAYS_SEARCH_USER_PATHS = NO;
				ARCHS = "$(ARCHS_STANDARD_INCLUDING_64_BIT)";
				CLANG_CXX_LANGUAGE_STANDARD = "gnu++0x";
				CLANG_CXX_LIBRARY = "libc++";
				CLANG_ENABLE_MODULES = YES;
				CLANG_ENABLE_OBJC_ARC = YES;
				CLANG_WARN_BOOL_CONVERSION = YES;
				CLANG_WARN_CONSTANT_CONVERSION = YES;
				CLANG_WARN_DEPRECATED_OBJC_IMPLEMENTATIONS = YES;
				CLANG_WARN_DIRECT_OBJC_ISA_USAGE = YES_ERROR;
				CLANG_WARN_EMPTY_BODY = YES;
				CLANG_WARN_ENUM_CONVERSION = YES;
				CLANG_WARN_INT_CONVERSION = YES;
				CLANG_WARN_OBJC_IMPLICIT_RETAIN_SELF = YES;
				CLANG_WARN_OBJC_ROOT_CLASS = YES_ERROR;
				CLANG_WARN__DUPLICATE_METHOD_MATCH = YES;
				"CODE_SIGN_IDENTITY[sdk=iphoneos*]" = "iPhone Developer";
				COPY_PHASE_STRIP = NO;
				GCC_C_LANGUAGE_STANDARD = gnu99;
				GCC_DYNAMIC_NO_PIC = NO;
				GCC_OPTIMIZATION_LEVEL = 0;
				GCC_PREPROCESSOR_DEFINITIONS = (
					"DEBUG=1",
					"$(inherited)",
				);
				GCC_SYMBOLS_PRIVATE_EXTERN = NO;
				GCC_WARN_64_TO_32_BIT_CONVERSION = YES;
				GCC_WARN_ABOUT_MISSING_FIELD_INITIALIZERS = YES;
				GCC_WARN_ABOUT_MISSING_NEWLINE = YES;
				GCC_WARN_ABOUT_RETURN_TYPE = YES;
				GCC_WARN_CHECK_SWITCH_STATEMENTS = YES;
				GCC_WARN_INITIALIZER_NOT_FULLY_BRACKETED = YES;
				GCC_WARN_MISSING_PARENTHESES = YES;
				GCC_WARN_SHADOW = YES;
				GCC_WARN_SIGN_COMPARE = YES;
				GCC_WARN_TYPECHECK_CALLS_TO_PRINTF = YES;
				GCC_WARN_UNDECLARED_SELECTOR = YES;
				GCC_WARN_UNINITIALIZED_AUTOS = YES;
				GCC_WARN_UNUSED_FUNCTION = YES;
				GCC_WARN_UNUSED_LABEL = YES;
				GCC_WARN_UNUSED_VALUE = YES;
				GCC_WARN_UNUSED_VARIABLE = YES;
				IPHONEOS_DEPLOYMENT_TARGET = 7.0;
				ONLY_ACTIVE_ARCH = YES;
				RUN_CLANG_STATIC_ANALYZER = YES;
				SDKROOT = iphoneos;
			};
			name = Debug;
		};
		EA54FCC917ECC09B0023FEE0 /* Release */ = {
			isa = XCBuildConfiguration;
			buildSettings = {
				ALWAYS_SEARCH_USER_PATHS = NO;
				ARCHS = "$(ARCHS_STANDARD_INCLUDING_64_BIT)";
				CLANG_CXX_LANGUAGE_STANDARD = "gnu++0x";
				CLANG_CXX_LIBRARY = "libc++";
				CLANG_ENABLE_MODULES = YES;
				CLANG_ENABLE_OBJC_ARC = YES;
				CLANG_WARN_BOOL_CONVERSION = YES;
				CLANG_WARN_CONSTANT_CONVERSION = YES;
				CLANG_WARN_DEPRECATED_OBJC_IMPLEMENTATIONS = YES;
				CLANG_WARN_DIRECT_OBJC_ISA_USAGE = YES_ERROR;
				CLANG_WARN_EMPTY_BODY = YES;
				CLANG_WARN_ENUM_CONVERSION = YES;
				CLANG_WARN_INT_CONVERSION = YES;
				CLANG_WARN_OBJC_IMPLICIT_RETAIN_SELF = YES;
				CLANG_WARN_OBJC_ROOT_CLASS = YES_ERROR;
				CLANG_WARN__DUPLICATE_METHOD_MATCH = YES;
				"CODE_SIGN_IDENTITY[sdk=iphoneos*]" = "iPhone Developer";
				COPY_PHASE_STRIP = YES;
				ENABLE_NS_ASSERTIONS = NO;
				GCC_C_LANGUAGE_STANDARD = gnu99;
				GCC_WARN_64_TO_32_BIT_CONVERSION = YES;
				GCC_WARN_ABOUT_MISSING_FIELD_INITIALIZERS = YES;
				GCC_WARN_ABOUT_MISSING_NEWLINE = YES;
				GCC_WARN_ABOUT_RETURN_TYPE = YES;
				GCC_WARN_CHECK_SWITCH_STATEMENTS = YES;
				GCC_WARN_INITIALIZER_NOT_FULLY_BRACKETED = YES;
				GCC_WARN_MISSING_PARENTHESES = YES;
				GCC_WARN_SHADOW = YES;
				GCC_WARN_SIGN_COMPARE = YES;
				GCC_WARN_TYPECHECK_CALLS_TO_PRINTF = YES;
				GCC_WARN_UNDECLARED_SELECTOR = YES;
				GCC_WARN_UNINITIALIZED_AUTOS = YES;
				GCC_WARN_UNUSED_FUNCTION = YES;
				GCC_WARN_UNUSED_LABEL = YES;
				GCC_WARN_UNUSED_VALUE = YES;
				GCC_WARN_UNUSED_VARIABLE = YES;
				IPHONEOS_DEPLOYMENT_TARGET = 7.0;
				RUN_CLANG_STATIC_ANALYZER = YES;
				SDKROOT = iphoneos;
				VALIDATE_PRODUCT = YES;
			};
			name = Release;
		};
		EA54FCCB17ECC09B0023FEE0 /* Debug */ = {
			isa = XCBuildConfiguration;
			baseConfigurationReference = 5546FC8192D94F8C8B11B0C8 /* Pods.xcconfig */;
			buildSettings = {
				ASSETCATALOG_COMPILER_LAUNCHIMAGE_NAME = LaunchImage;
				CODE_SIGN_IDENTITY = "iPhone Developer";
				GCC_PRECOMPILE_PREFIX_HEADER = YES;
				GCC_PREFIX_HEADER = "Console.fm/Console.fm-Prefix.pch";
				INFOPLIST_FILE = "Console.fm/Console.fm-Info.plist";
				PRODUCT_NAME = Console.fm;
				WRAPPER_EXTENSION = app;
			};
			name = Debug;
		};
		EA54FCCC17ECC09B0023FEE0 /* Release */ = {
			isa = XCBuildConfiguration;
			baseConfigurationReference = 5546FC8192D94F8C8B11B0C8 /* Pods.xcconfig */;
			buildSettings = {
				ASSETCATALOG_COMPILER_LAUNCHIMAGE_NAME = LaunchImage;
				CODE_SIGN_IDENTITY = "iPhone Developer";
				GCC_PRECOMPILE_PREFIX_HEADER = YES;
				GCC_PREFIX_HEADER = "Console.fm/Console.fm-Prefix.pch";
				INFOPLIST_FILE = "Console.fm/Console.fm-Info.plist";
				PRODUCT_NAME = Console.fm;
				WRAPPER_EXTENSION = app;
			};
			name = Release;
		};
		EA54FCCE17ECC09B0023FEE0 /* Debug */ = {
			isa = XCBuildConfiguration;
			baseConfigurationReference = 4177021587D14F788E5180FA /* Pods-Console.fmTests.xcconfig */;
			buildSettings = {
				ARCHS = "$(ARCHS_STANDARD_INCLUDING_64_BIT)";
				BUNDLE_LOADER = "$(BUILT_PRODUCTS_DIR)/Console.fm.app/Console.fm";
				FRAMEWORK_SEARCH_PATHS = (
					"$(SDKROOT)/Developer/Library/Frameworks",
					"$(inherited)",
					"$(DEVELOPER_FRAMEWORKS_DIR)",
				);
				GCC_PRECOMPILE_PREFIX_HEADER = YES;
				GCC_PREFIX_HEADER = "Console.fmTests/Console.fmTests-Prefix.pch";
				GCC_PREPROCESSOR_DEFINITIONS = (
					"DEBUG=1",
					"$(inherited)",
				);
				INFOPLIST_FILE = "Console.fmTests/Console.fmTests-Info.plist";
				PRODUCT_NAME = Console.fmTests;
				TEST_HOST = "$(BUNDLE_LOADER)";
				WRAPPER_EXTENSION = octest;
			};
			name = Debug;
		};
		EA54FCCF17ECC09B0023FEE0 /* Release */ = {
			isa = XCBuildConfiguration;
			baseConfigurationReference = 4177021587D14F788E5180FA /* Pods-Console.fmTests.xcconfig */;
			buildSettings = {
				ARCHS = "$(ARCHS_STANDARD_INCLUDING_64_BIT)";
				BUNDLE_LOADER = "$(BUILT_PRODUCTS_DIR)/Console.fm.app/Console.fm";
				FRAMEWORK_SEARCH_PATHS = (
					"$(SDKROOT)/Developer/Library/Frameworks",
					"$(inherited)",
					"$(DEVELOPER_FRAMEWORKS_DIR)",
				);
				GCC_PRECOMPILE_PREFIX_HEADER = YES;
				GCC_PREFIX_HEADER = "Console.fmTests/Console.fmTests-Prefix.pch";
				INFOPLIST_FILE = "Console.fmTests/Console.fmTests-Info.plist";
				PRODUCT_NAME = Console.fmTests;
				TEST_HOST = "$(BUNDLE_LOADER)";
				WRAPPER_EXTENSION = octest;
			};
			name = Release;
		};
/* End XCBuildConfiguration section */

/* Begin XCConfigurationList section */
		EA54FC9317ECC09B0023FEE0 /* Build configuration list for PBXProject "Console.fm" */ = {
			isa = XCConfigurationList;
			buildConfigurations = (
				EA54FCC817ECC09B0023FEE0 /* Debug */,
				EA54FCC917ECC09B0023FEE0 /* Release */,
			);
			defaultConfigurationIsVisible = 0;
			defaultConfigurationName = Release;
		};
		EA54FCCA17ECC09B0023FEE0 /* Build configuration list for PBXNativeTarget "Console.fm" */ = {
			isa = XCConfigurationList;
			buildConfigurations = (
				EA54FCCB17ECC09B0023FEE0 /* Debug */,
				EA54FCCC17ECC09B0023FEE0 /* Release */,
			);
			defaultConfigurationIsVisible = 0;
			defaultConfigurationName = Release;
		};
		EA54FCCD17ECC09B0023FEE0 /* Build configuration list for PBXNativeTarget "Console.fmTests" */ = {
			isa = XCConfigurationList;
			buildConfigurations = (
				EA54FCCE17ECC09B0023FEE0 /* Debug */,
				EA54FCCF17ECC09B0023FEE0 /* Release */,
			);
			defaultConfigurationIsVisible = 0;
			defaultConfigurationName = Release;
		};
/* End XCConfigurationList section */
	};
	rootObject = EA54FC9017ECC09B0023FEE0 /* Project object */;
}
