PODS:
  - AFNetworking (2.0.0-RC3):
    - AFNetworking/Core
  - AFNetworking/Core (2.0.0-RC3):
    - AFNetworking/NSURLConnection
    - AFNetworking/Reachability
    - AFNetworking/Security
    - AFNetworking/Serialization
  - AFNetworking/NSURLConnection (2.0.0-RC3)
  - AFNetworking/Reachability (2.0.0-RC3)
  - AFNetworking/Security (2.0.0-RC3)
  - AFNetworking/Serialization (2.0.0-RC3)
  - AFNetworking/UIKit+AFNetworking (2.0.0-RC3)
  - Kiwi (2.2.2):
    - Kiwi/SenTestingKit
  - Kiwi/ARC (2.2.2)
  - Kiwi/NonARC (2.2.2)
  - Kiwi/SenTestingKit (2.2.2):
    - Kiwi/ARC
    - Kiwi/NonARC
  - OHHTTPStubs (2.0.0)

DEPENDENCIES:
  - AFNetworking (= 2.0.0-RC3)
  - AFNetworking/UIKit+AFNetworking
  - Kiwi (~> 2.2.1)
  - OHHTTPStubs (~> 2.0.0)

SPEC CHECKSUMS:
  AFNetworking: 49f64af62e643a68a3f906202f4ed51e18f3bd5c
  Kiwi: 03539aeb004ccd42bdbc31253617b26364315df4
  OHHTTPStubs: 921de87847a4ebd7ff8642715a7eb12a29e1e0f7

COCOAPODS: 0.25.0
